
Microsoft Visual Studio Solution File, Format Version 12.00
# Visual Studio Version 17
VisualStudioVersion = 17.0.32112.339
MinimumVisualStudioVersion = 10.0.40219.1
Project("{FAE04EC0-301F-11D3-BF4B-00C04F79EFBC}") = "Sunduki", "Sunduki\Sunduki.csproj", "{9777C5AC-3DC6-4741-A415-302C169F66B5}"
EndProject
Project("{9A19103F-16F7-4668-BE54-9A1E7A4F7556}") = "Rudokop", "Rudokop\Rudokop.csproj", "{DCBF89FF-139C-45D3-BA86-B0C80F91B5D5}"
EndProject
Project("{FAE04EC0-301F-11D3-BF4B-00C04F79EFBC}") = "Sbor", "Sbor\Sbor.csproj", "{EDE24408-1F2F-4D9B-A13D-CDB8C22EA552}"
EndProject
Global
	GlobalSection(SolutionConfigurationPlatforms) = preSolution
		Debug|Any CPU = Debug|Any CPU
		Debug|x64 = Debug|x64
		Debug|x86 = Debug|x86
		Release|Any CPU = Release|Any CPU
		Release|x64 = Release|x64
		Release|x86 = Release|x86
	EndGlobalSection
	GlobalSection(ProjectConfigurationPlatforms) = postSolution
		{9777C5AC-3DC6-4741-A415-302C169F66B5}.Debug|Any CPU.ActiveCfg = Debug|Any CPU
		{9777C5AC-3DC6-4741-A415-302C169F66B5}.Debug|Any CPU.Build.0 = Debug|Any CPU
		{9777C5AC-3DC6-4741-A415-302C169F66B5}.Debug|x64.ActiveCfg = Debug|Any CPU
		{9777C5AC-3DC6-4741-A415-302C169F66B5}.Debug|x64.Build.0 = Debug|Any CPU
		{9777C5AC-3DC6-4741-A415-302C169F66B5}.Debug|x86.ActiveCfg = Debug|Any CPU
		{9777C5AC-3DC6-4741-A415-302C169F66B5}.Debug|x86.Build.0 = Debug|Any CPU
		{9777C5AC-3DC6-4741-A415-302C169F66B5}.Release|Any CPU.ActiveCfg = Release|Any CPU
		{9777C5AC-3DC6-4741-A415-302C169F66B5}.Release|Any CPU.Build.0 = Release|Any CPU
		{9777C5AC-3DC6-4741-A415-302C169F66B5}.Release|x64.ActiveCfg = Release|Any CPU
		{9777C5AC-3DC6-4741-A415-302C169F66B5}.Release|x64.Build.0 = Release|Any CPU
		{9777C5AC-3DC6-4741-A415-302C169F66B5}.Release|x86.ActiveCfg = Release|Any CPU
		{9777C5AC-3DC6-4741-A415-302C169F66B5}.Release|x86.Build.0 = Release|Any CPU
		{DCBF89FF-139C-45D3-BA86-B0C80F91B5D5}.Debug|Any CPU.ActiveCfg = Debug|Any CPU
		{DCBF89FF-139C-45D3-BA86-B0C80F91B5D5}.Debug|Any CPU.Build.0 = Debug|Any CPU
		{DCBF89FF-139C-45D3-BA86-B0C80F91B5D5}.Debug|x64.ActiveCfg = Debug|x64
		{DCBF89FF-139C-45D3-BA86-B0C80F91B5D5}.Debug|x64.Build.0 = Debug|x64
		{DCBF89FF-139C-45D3-BA86-B0C80F91B5D5}.Debug|x86.ActiveCfg = Debug|x86
		{DCBF89FF-139C-45D3-BA86-B0C80F91B5D5}.Debug|x86.Build.0 = Debug|x86
		{DCBF89FF-139C-45D3-BA86-B0C80F91B5D5}.Release|Any CPU.ActiveCfg = Release|Any CPU
		{DCBF89FF-139C-45D3-BA86-B0C80F91B5D5}.Release|Any CPU.Build.0 = Release|Any CPU
		{DCBF89FF-139C-45D3-BA86-B0C80F91B5D5}.Release|x64.ActiveCfg = Release|x64
		{DCBF89FF-139C-45D3-BA86-B0C80F91B5D5}.Release|x64.Build.0 = Release|x64
		{DCBF89FF-139C-45D3-BA86-B0C80F91B5D5}.Release|x86.ActiveCfg = Release|x86
		{DCBF89FF-139C-45D3-BA86-B0C80F91B5D5}.Release|x86.Build.0 = Release|x86
		{EDE24408-1F2F-4D9B-A13D-CDB8C22EA552}.Debug|Any CPU.ActiveCfg = Debug|Any CPU
		{EDE24408-1F2F-4D9B-A13D-CDB8C22EA552}.Debug|Any CPU.Build.0 = Debug|Any CPU
		{EDE24408-1F2F-4D9B-A13D-CDB8C22EA552}.Debug|x64.ActiveCfg = Debug|Any CPU
		{EDE24408-1F2F-4D9B-A13D-CDB8C22EA552}.Debug|x64.Build.0 = Debug|Any CPU
		{EDE24408-1F2F-4D9B-A13D-CDB8C22EA552}.Debug|x86.ActiveCfg = Debug|Any CPU
		{EDE24408-1F2F-4D9B-A13D-CDB8C22EA552}.Debug|x86.Build.0 = Debug|Any CPU
		{EDE24408-1F2F-4D9B-A13D-CDB8C22EA552}.Release|Any CPU.ActiveCfg = Release|Any CPU
		{EDE24408-1F2F-4D9B-A13D-CDB8C22EA552}.Release|Any CPU.Build.0 = Release|Any CPU
		{EDE24408-1F2F-4D9B-A13D-CDB8C22EA552}.Release|x64.ActiveCfg = Release|Any CPU
		{EDE24408-1F2F-4D9B-A13D-CDB8C22EA552}.Release|x64.Build.0 = Release|Any CPU
		{EDE24408-1F2F-4D9B-A13D-CDB8C22EA552}.Release|x86.ActiveCfg = Release|Any CPU
		{EDE24408-1F2F-4D9B-A13D-CDB8C22EA552}.Release|x86.Build.0 = Release|Any CPU
	EndGlobalSection
	GlobalSection(SolutionProperties) = preSolution
		HideSolutionNode = FALSE
	EndGlobalSection
	GlobalSection(ExtensibilityGlobals) = postSolution
		SolutionGuid = {4CC0F898-A794-4C6A-8F65-EB9B3A7DBACB}
	EndGlobalSection
EndGlobal
